// !$*UTF8*$!
{
	archiveVersion = 1;
	classes = {
	};
	objectVersion = 55;
	objects = {

/* Begin PBXBuildFile section */
		172C3CD9283FB3DA00DBED95 /* AllMappingsView.swift in Sources */ = {isa = PBXBuildFile; fileRef = 172C3CD8283FB3DA00DBED95 /* AllMappingsView.swift */; };
		17CDDDE3283F97410045A174 /* tiny_url_clientApp.swift in Sources */ = {isa = PBXBuildFile; fileRef = 17CDDDE2283F97410045A174 /* tiny_url_clientApp.swift */; };
		17CDDDE5283F97410045A174 /* ContentView.swift in Sources */ = {isa = PBXBuildFile; fileRef = 17CDDDE4283F97410045A174 /* ContentView.swift */; };
		17CDDDE7283F97430045A174 /* Assets.xcassets in Resources */ = {isa = PBXBuildFile; fileRef = 17CDDDE6283F97430045A174 /* Assets.xcassets */; };
		17CDDDEA283F97430045A174 /* Preview Assets.xcassets in Resources */ = {isa = PBXBuildFile; fileRef = 17CDDDE9283F97430045A174 /* Preview Assets.xcassets */; };
		17CDDDEC283F97430045A174 /* Persistence.swift in Sources */ = {isa = PBXBuildFile; fileRef = 17CDDDEB283F97430045A174 /* Persistence.swift */; };
		17CDDDEF283F97430045A174 /* tiny_url_client.xcdatamodeld in Sources */ = {isa = PBXBuildFile; fileRef = 17CDDDED283F97430045A174 /* tiny_url_client.xcdatamodeld */; };
		17CDDDF9283F97430045A174 /* tiny_url_clientTests.swift in Sources */ = {isa = PBXBuildFile; fileRef = 17CDDDF8283F97430045A174 /* tiny_url_clientTests.swift */; };
		17CDDE03283F97430045A174 /* tiny_url_clientUITests.swift in Sources */ = {isa = PBXBuildFile; fileRef = 17CDDE02283F97430045A174 /* tiny_url_clientUITests.swift */; };
		17CDDE05283F97430045A174 /* tiny_url_clientUITestsLaunchTests.swift in Sources */ = {isa = PBXBuildFile; fileRef = 17CDDE04283F97430045A174 /* tiny_url_clientUITestsLaunchTests.swift */; };
		17CDDE12283F9E480045A174 /* ContentViewModel.swift in Sources */ = {isa = PBXBuildFile; fileRef = 17CDDE11283F9E480045A174 /* ContentViewModel.swift */; };
/* End PBXBuildFile section */

/* Begin PBXContainerItemProxy section */
		17CDDDF5283F97430045A174 /* PBXContainerItemProxy */ = {
			isa = PBXContainerItemProxy;
			containerPortal = 17CDDDD7283F97410045A174 /* Project object */;
			proxyType = 1;
			remoteGlobalIDString = 17CDDDDE283F97410045A174;
			remoteInfo = tiny_url_client;
		};
		17CDDDFF283F97430045A174 /* PBXContainerItemProxy */ = {
			isa = PBXContainerItemProxy;
			containerPortal = 17CDDDD7283F97410045A174 /* Project object */;
			proxyType = 1;
			remoteGlobalIDString = 17CDDDDE283F97410045A174;
			remoteInfo = tiny_url_client;
		};
/* End PBXContainerItemProxy section */

/* Begin PBXFileReference section */
		172C3CD8283FB3DA00DBED95 /* AllMappingsView.swift */ = {isa = PBXFileReference; lastKnownFileType = sourcecode.swift; path = AllMappingsView.swift; sourceTree = "<group>"; };
		17CDDDDF283F97410045A174 /* tiny_url_client.app */ = {isa = PBXFileReference; explicitFileType = wrapper.application; includeInIndex = 0; path = tiny_url_client.app; sourceTree = BUILT_PRODUCTS_DIR; };
		17CDDDE2283F97410045A174 /* tiny_url_clientApp.swift */ = {isa = PBXFileReference; lastKnownFileType = sourcecode.swift; path = tiny_url_clientApp.swift; sourceTree = "<group>"; };
		17CDDDE4283F97410045A174 /* ContentView.swift */ = {isa = PBXFileReference; lastKnownFileType = sourcecode.swift; path = ContentView.swift; sourceTree = "<group>"; };
		17CDDDE6283F97430045A174 /* Assets.xcassets */ = {isa = PBXFileReference; lastKnownFileType = folder.assetcatalog; path = Assets.xcassets; sourceTree = "<group>"; };
		17CDDDE9283F97430045A174 /* Preview Assets.xcassets */ = {isa = PBXFileReference; lastKnownFileType = folder.assetcatalog; path = "Preview Assets.xcassets"; sourceTree = "<group>"; };
		17CDDDEB283F97430045A174 /* Persistence.swift */ = {isa = PBXFileReference; lastKnownFileType = sourcecode.swift; path = Persistence.swift; sourceTree = "<group>"; };
		17CDDDEE283F97430045A174 /* tiny_url_client.xcdatamodel */ = {isa = PBXFileReference; lastKnownFileType = wrapper.xcdatamodel; path = tiny_url_client.xcdatamodel; sourceTree = "<group>"; };
		17CDDDF4283F97430045A174 /* tiny_url_clientTests.xctest */ = {isa = PBXFileReference; explicitFileType = wrapper.cfbundle; includeInIndex = 0; path = tiny_url_clientTests.xctest; sourceTree = BUILT_PRODUCTS_DIR; };
		17CDDDF8283F97430045A174 /* tiny_url_clientTests.swift */ = {isa = PBXFileReference; lastKnownFileType = sourcecode.swift; path = tiny_url_clientTests.swift; sourceTree = "<group>"; };
		17CDDDFE283F97430045A174 /* tiny_url_clientUITests.xctest */ = {isa = PBXFileReference; explicitFileType = wrapper.cfbundle; includeInIndex = 0; path = tiny_url_clientUITests.xctest; sourceTree = BUILT_PRODUCTS_DIR; };
		17CDDE02283F97430045A174 /* tiny_url_clientUITests.swift */ = {isa = PBXFileReference; lastKnownFileType = sourcecode.swift; path = tiny_url_clientUITests.swift; sourceTree = "<group>"; };
		17CDDE04283F97430045A174 /* tiny_url_clientUITestsLaunchTests.swift */ = {isa = PBXFileReference; lastKnownFileType = sourcecode.swift; path = tiny_url_clientUITestsLaunchTests.swift; sourceTree = "<group>"; };
		17CDDE11283F9E480045A174 /* ContentViewModel.swift */ = {isa = PBXFileReference; lastKnownFileType = sourcecode.swift; path = ContentViewModel.swift; sourceTree = "<group>"; };
/* End PBXFileReference section */

/* Begin PBXFrameworksBuildPhase section */
		17CDDDDC283F97410045A174 /* Frameworks */ = {
			isa = PBXFrameworksBuildPhase;
			buildActionMask = 2147483647;
			files = (
			);
			runOnlyForDeploymentPostprocessing = 0;
		};
		17CDDDF1283F97430045A174 /* Frameworks */ = {
			isa = PBXFrameworksBuildPhase;
			buildActionMask = 2147483647;
			files = (
			);
			runOnlyForDeploymentPostprocessing = 0;
		};
		17CDDDFB283F97430045A174 /* Frameworks */ = {
			isa = PBXFrameworksBuildPhase;
			buildActionMask = 2147483647;
			files = (
			);
			runOnlyForDeploymentPostprocessing = 0;
		};
/* End PBXFrameworksBuildPhase section */

/* Begin PBXGroup section */
		17CDDDD6283F97410045A174 = {
			isa = PBXGroup;
			children = (
				17CDDDE1283F97410045A174 /* tiny_url_client */,
				17CDDDF7283F97430045A174 /* tiny_url_clientTests */,
				17CDDE01283F97430045A174 /* tiny_url_clientUITests */,
				17CDDDE0283F97410045A174 /* Products */,
			);
			sourceTree = "<group>";
		};
		17CDDDE0283F97410045A174 /* Products */ = {
			isa = PBXGroup;
			children = (
				17CDDDDF283F97410045A174 /* tiny_url_client.app */,
				17CDDDF4283F97430045A174 /* tiny_url_clientTests.xctest */,
				17CDDDFE283F97430045A174 /* tiny_url_clientUITests.xctest */,
			);
			name = Products;
			sourceTree = "<group>";
		};
		17CDDDE1283F97410045A174 /* tiny_url_client */ = {
			isa = PBXGroup;
			children = (
				17CDDDE2283F97410045A174 /* tiny_url_clientApp.swift */,
				172C3CD8283FB3DA00DBED95 /* AllMappingsView.swift */,
				17CDDE13283FAB000045A174 /* ContentViewModule */,
				17CDDDE6283F97430045A174 /* Assets.xcassets */,
				17CDDDEB283F97430045A174 /* Persistence.swift */,
				17CDDDED283F97430045A174 /* tiny_url_client.xcdatamodeld */,
				17CDDDE8283F97430045A174 /* Preview Content */,
			);
			path = tiny_url_client;
			sourceTree = "<group>";
		};
		17CDDDE8283F97430045A174 /* Preview Content */ = {
			isa = PBXGroup;
			children = (
				17CDDDE9283F97430045A174 /* Preview Assets.xcassets */,
			);
			path = "Preview Content";
			sourceTree = "<group>";
		};
		17CDDDF7283F97430045A174 /* tiny_url_clientTests */ = {
			isa = PBXGroup;
			children = (
				17CDDDF8283F97430045A174 /* tiny_url_clientTests.swift */,
			);
			path = tiny_url_clientTests;
			sourceTree = "<group>";
		};
		17CDDE01283F97430045A174 /* tiny_url_clientUITests */ = {
			isa = PBXGroup;
			children = (
				17CDDE02283F97430045A174 /* tiny_url_clientUITests.swift */,
				17CDDE04283F97430045A174 /* tiny_url_clientUITestsLaunchTests.swift */,
			);
			path = tiny_url_clientUITests;
			sourceTree = "<group>";
		};
		17CDDE13283FAB000045A174 /* ContentViewModule */ = {
			isa = PBXGroup;
			children = (
				17CDDDE4283F97410045A174 /* ContentView.swift */,
				17CDDE11283F9E480045A174 /* ContentViewModel.swift */,
			);
			path = ContentViewModule;
			sourceTree = "<group>";
		};
/* End PBXGroup section */

/* Begin PBXNativeTarget section */
		17CDDDDE283F97410045A174 /* tiny_url_client */ = {
			isa = PBXNativeTarget;
			buildConfigurationList = 17CDDE08283F97430045A174 /* Build configuration list for PBXNativeTarget "tiny_url_client" */;
			buildPhases = (
				17CDDDDB283F97410045A174 /* Sources */,
				17CDDDDC283F97410045A174 /* Frameworks */,
				17CDDDDD283F97410045A174 /* Resources */,
			);
			buildRules = (
			);
			dependencies = (
			);
			name = tiny_url_client;
			productName = tiny_url_client;
			productReference = 17CDDDDF283F97410045A174 /* tiny_url_client.app */;
			productType = "com.apple.product-type.application";
		};
		17CDDDF3283F97430045A174 /* tiny_url_clientTests */ = {
			isa = PBXNativeTarget;
			buildConfigurationList = 17CDDE0B283F97430045A174 /* Build configuration list for PBXNativeTarget "tiny_url_clientTests" */;
			buildPhases = (
				17CDDDF0283F97430045A174 /* Sources */,
				17CDDDF1283F97430045A174 /* Frameworks */,
				17CDDDF2283F97430045A174 /* Resources */,
			);
			buildRules = (
			);
			dependencies = (
				17CDDDF6283F97430045A174 /* PBXTargetDependency */,
			);
			name = tiny_url_clientTests;
			productName = tiny_url_clientTests;
			productReference = 17CDDDF4283F97430045A174 /* tiny_url_clientTests.xctest */;
			productType = "com.apple.product-type.bundle.unit-test";
		};
		17CDDDFD283F97430045A174 /* tiny_url_clientUITests */ = {
			isa = PBXNativeTarget;
			buildConfigurationList = 17CDDE0E283F97430045A174 /* Build configuration list for PBXNativeTarget "tiny_url_clientUITests" */;
			buildPhases = (
				17CDDDFA283F97430045A174 /* Sources */,
				17CDDDFB283F97430045A174 /* Frameworks */,
				17CDDDFC283F97430045A174 /* Resources */,
			);
			buildRules = (
			);
			dependencies = (
				17CDDE00283F97430045A174 /* PBXTargetDependency */,
			);
			name = tiny_url_clientUITests;
			productName = tiny_url_clientUITests;
			productReference = 17CDDDFE283F97430045A174 /* tiny_url_clientUITests.xctest */;
			productType = "com.apple.product-type.bundle.ui-testing";
		};
/* End PBXNativeTarget section */

/* Begin PBXProject section */
		17CDDDD7283F97410045A174 /* Project object */ = {
			isa = PBXProject;
			attributes = {
				BuildIndependentTargetsInParallel = 1;
				LastSwiftUpdateCheck = 1320;
				LastUpgradeCheck = 1320;
				TargetAttributes = {
					17CDDDDE283F97410045A174 = {
						CreatedOnToolsVersion = 13.2.1;
					};
					17CDDDF3283F97430045A174 = {
						CreatedOnToolsVersion = 13.2.1;
						TestTargetID = 17CDDDDE283F97410045A174;
					};
					17CDDDFD283F97430045A174 = {
						CreatedOnToolsVersion = 13.2.1;
						TestTargetID = 17CDDDDE283F97410045A174;
					};
				};
			};
			buildConfigurationList = 17CDDDDA283F97410045A174 /* Build configuration list for PBXProject "tiny_url_client" */;
			compatibilityVersion = "Xcode 13.0";
			developmentRegion = en;
			hasScannedForEncodings = 0;
			knownRegions = (
				en,
				Base,
			);
			mainGroup = 17CDDDD6283F97410045A174;
			productRefGroup = 17CDDDE0283F97410045A174 /* Products */;
			projectDirPath = "";
			projectRoot = "";
			targets = (
				17CDDDDE283F97410045A174 /* tiny_url_client */,
				17CDDDF3283F97430045A174 /* tiny_url_clientTests */,
				17CDDDFD283F97430045A174 /* tiny_url_clientUITests */,
			);
		};
/* End PBXProject section */

/* Begin PBXResourcesBuildPhase section */
		17CDDDDD283F97410045A174 /* Resources */ = {
			isa = PBXResourcesBuildPhase;
			buildActionMask = 2147483647;
			files = (
				17CDDDEA283F97430045A174 /* Preview Assets.xcassets in Resources */,
				17CDDDE7283F97430045A174 /* Assets.xcassets in Resources */,
			);
			runOnlyForDeploymentPostprocessing = 0;
		};
		17CDDDF2283F97430045A174 /* Resources */ = {
			isa = PBXResourcesBuildPhase;
			buildActionMask = 2147483647;
			files = (
			);
			runOnlyForDeploymentPostprocessing = 0;
		};
		17CDDDFC283F97430045A174 /* Resources */ = {
			isa = PBXResourcesBuildPhase;
			buildActionMask = 2147483647;
			files = (
			);
			runOnlyForDeploymentPostprocessing = 0;
		};
/* End PBXResourcesBuildPhase section */

/* Begin PBXSourcesBuildPhase section */
		17CDDDDB283F97410045A174 /* Sources */ = {
			isa = PBXSourcesBuildPhase;
			buildActionMask = 2147483647;
			files = (
				17CDDDEF283F97430045A174 /* tiny_url_client.xcdatamodeld in Sources */,
				172C3CD9283FB3DA00DBED95 /* AllMappingsView.swift in Sources */,
				17CDDDEC283F97430045A174 /* Persistence.swift in Sources */,
				17CDDDE5283F97410045A174 /* ContentView.swift in Sources */,
				17CDDDE3283F97410045A174 /* tiny_url_clientApp.swift in Sources */,
				17CDDE12283F9E480045A174 /* ContentViewModel.swift in Sources */,
			);
			runOnlyForDeploymentPostprocessing = 0;
		};
		17CDDDF0283F97430045A174 /* Sources */ = {
			isa = PBXSourcesBuildPhase;
			buildActionMask = 2147483647;
			files = (
				17CDDDF9283F97430045A174 /* tiny_url_clientTests.swift in Sources */,
			);
			runOnlyForDeploymentPostprocessing = 0;
		};
		17CDDDFA283F97430045A174 /* Sources */ = {
			isa = PBXSourcesBuildPhase;
			buildActionMask = 2147483647;
			files = (
				17CDDE03283F97430045A174 /* tiny_url_clientUITests.swift in Sources */,
				17CDDE05283F97430045A174 /* tiny_url_clientUITestsLaunchTests.swift in Sources */,
			);
			runOnlyForDeploymentPostprocessing = 0;
		};
/* End PBXSourcesBuildPhase section */

/* Begin PBXTargetDependency section */
		17CDDDF6283F97430045A174 /* PBXTargetDependency */ = {
			isa = PBXTargetDependency;
			target = 17CDDDDE283F97410045A174 /* tiny_url_client */;
			targetProxy = 17CDDDF5283F97430045A174 /* PBXContainerItemProxy */;
		};
		17CDDE00283F97430045A174 /* PBXTargetDependency */ = {
			isa = PBXTargetDependency;
			target = 17CDDDDE283F97410045A174 /* tiny_url_client */;
			targetProxy = 17CDDDFF283F97430045A174 /* PBXContainerItemProxy */;
		};
/* End PBXTargetDependency section */

/* Begin XCBuildConfiguration section */
		17CDDE06283F97430045A174 /* Debug */ = {
			isa = XCBuildConfiguration;
			buildSettings = {
				ALWAYS_SEARCH_USER_PATHS = NO;
				CLANG_ANALYZER_NONNULL = YES;
				CLANG_ANALYZER_NUMBER_OBJECT_CONVERSION = YES_AGGRESSIVE;
				CLANG_CXX_LANGUAGE_STANDARD = "gnu++17";
				CLANG_CXX_LIBRARY = "libc++";
				CLANG_ENABLE_MODULES = YES;
				CLANG_ENABLE_OBJC_ARC = YES;
				CLANG_ENABLE_OBJC_WEAK = YES;
				CLANG_WARN_BLOCK_CAPTURE_AUTORELEASING = YES;
				CLANG_WARN_BOOL_CONVERSION = YES;
				CLANG_WARN_COMMA = YES;
				CLANG_WARN_CONSTANT_CONVERSION = YES;
				CLANG_WARN_DEPRECATED_OBJC_IMPLEMENTATIONS = YES;
				CLANG_WARN_DIRECT_OBJC_ISA_USAGE = YES_ERROR;
				CLANG_WARN_DOCUMENTATION_COMMENTS = YES;
				CLANG_WARN_EMPTY_BODY = YES;
				CLANG_WARN_ENUM_CONVERSION = YES;
				CLANG_WARN_INFINITE_RECURSION = YES;
				CLANG_WARN_INT_CONVERSION = YES;
				CLANG_WARN_NON_LITERAL_NULL_CONVERSION = YES;
				CLANG_WARN_OBJC_IMPLICIT_RETAIN_SELF = YES;
				CLANG_WARN_OBJC_LITERAL_CONVERSION = YES;
				CLANG_WARN_OBJC_ROOT_CLASS = YES_ERROR;
				CLANG_WARN_QUOTED_INCLUDE_IN_FRAMEWORK_HEADER = YES;
				CLANG_WARN_RANGE_LOOP_ANALYSIS = YES;
				CLANG_WARN_STRICT_PROTOTYPES = YES;
				CLANG_WARN_SUSPICIOUS_MOVE = YES;
				CLANG_WARN_UNGUARDED_AVAILABILITY = YES_AGGRESSIVE;
				CLANG_WARN_UNREACHABLE_CODE = YES;
				CLANG_WARN__DUPLICATE_METHOD_MATCH = YES;
				COPY_PHASE_STRIP = NO;
				DEBUG_INFORMATION_FORMAT = dwarf;
				ENABLE_STRICT_OBJC_MSGSEND = YES;
				ENABLE_TESTABILITY = YES;
				GCC_C_LANGUAGE_STANDARD = gnu11;
				GCC_DYNAMIC_NO_PIC = NO;
				GCC_NO_COMMON_BLOCKS = YES;
				GCC_OPTIMIZATION_LEVEL = 0;
				GCC_PREPROCESSOR_DEFINITIONS = (
					"DEBUG=1",
					"$(inherited)",
				);
				GCC_WARN_64_TO_32_BIT_CONVERSION = YES;
				GCC_WARN_ABOUT_RETURN_TYPE = YES_ERROR;
				GCC_WARN_UNDECLARED_SELECTOR = YES;
				GCC_WARN_UNINITIALIZED_AUTOS = YES_AGGRESSIVE;
				GCC_WARN_UNUSED_FUNCTION = YES;
				GCC_WARN_UNUSED_VARIABLE = YES;
				IPHONEOS_DEPLOYMENT_TARGET = 15.2;
				MTL_ENABLE_DEBUG_INFO = INCLUDE_SOURCE;
				MTL_FAST_MATH = YES;
				ONLY_ACTIVE_ARCH = YES;
				SDKROOT = iphoneos;
				SWIFT_ACTIVE_COMPILATION_CONDITIONS = DEBUG;
				SWIFT_OPTIMIZATION_LEVEL = "-Onone";
			};
			name = Debug;
		};
		17CDDE07283F97430045A174 /* Release */ = {
			isa = XCBuildConfiguration;
			buildSettings = {
				ALWAYS_SEARCH_USER_PATHS = NO;
				CLANG_ANALYZER_NONNULL = YES;
				CLANG_ANALYZER_NUMBER_OBJECT_CONVERSION = YES_AGGRESSIVE;
				CLANG_CXX_LANGUAGE_STANDARD = "gnu++17";
				CLANG_CXX_LIBRARY = "libc++";
				CLANG_ENABLE_MODULES = YES;
				CLANG_ENABLE_OBJC_ARC = YES;
				CLANG_ENABLE_OBJC_WEAK = YES;
				CLANG_WARN_BLOCK_CAPTURE_AUTORELEASING = YES;
				CLANG_WARN_BOOL_CONVERSION = YES;
				CLANG_WARN_COMMA = YES;
				CLANG_WARN_CONSTANT_CONVERSION = YES;
				CLANG_WARN_DEPRECATED_OBJC_IMPLEMENTATIONS = YES;
				CLANG_WARN_DIRECT_OBJC_ISA_USAGE = YES_ERROR;
				CLANG_WARN_DOCUMENTATION_COMMENTS = YES;
				CLANG_WARN_EMPTY_BODY = YES;
				CLANG_WARN_ENUM_CONVERSION = YES;
				CLANG_WARN_INFINITE_RECURSION = YES;
				CLANG_WARN_INT_CONVERSION = YES;
				CLANG_WARN_NON_LITERAL_NULL_CONVERSION = YES;
				CLANG_WARN_OBJC_IMPLICIT_RETAIN_SELF = YES;
				CLANG_WARN_OBJC_LITERAL_CONVERSION = YES;
				CLANG_WARN_OBJC_ROOT_CLASS = YES_ERROR;
				CLANG_WARN_QUOTED_INCLUDE_IN_FRAMEWORK_HEADER = YES;
				CLANG_WARN_RANGE_LOOP_ANALYSIS = YES;
				CLANG_WARN_STRICT_PROTOTYPES = YES;
				CLANG_WARN_SUSPICIOUS_MOVE = YES;
				CLANG_WARN_UNGUARDED_AVAILABILITY = YES_AGGRESSIVE;
				CLANG_WARN_UNREACHABLE_CODE = YES;
				CLANG_WARN__DUPLICATE_METHOD_MATCH = YES;
				COPY_PHASE_STRIP = NO;
				DEBUG_INFORMATION_FORMAT = "dwarf-with-dsym";
				ENABLE_NS_ASSERTIONS = NO;
				ENABLE_STRICT_OBJC_MSGSEND = YES;
				GCC_C_LANGUAGE_STANDARD = gnu11;
				GCC_NO_COMMON_BLOCKS = YES;
				GCC_WARN_64_TO_32_BIT_CONVERSION = YES;
				GCC_WARN_ABOUT_RETURN_TYPE = YES_ERROR;
				GCC_WARN_UNDECLARED_SELECTOR = YES;
				GCC_WARN_UNINITIALIZED_AUTOS = YES_AGGRESSIVE;
				GCC_WARN_UNUSED_FUNCTION = YES;
				GCC_WARN_UNUSED_VARIABLE = YES;
				IPHONEOS_DEPLOYMENT_TARGET = 15.2;
				MTL_ENABLE_DEBUG_INFO = NO;
				MTL_FAST_MATH = YES;
				SDKROOT = iphoneos;
				SWIFT_COMPILATION_MODE = wholemodule;
				SWIFT_OPTIMIZATION_LEVEL = "-O";
				VALIDATE_PRODUCT = YES;
			};
			name = Release;
		};
		17CDDE09283F97430045A174 /* Debug */ = {
			isa = XCBuildConfiguration;
			buildSettings = {
				ASSETCATALOG_COMPILER_APPICON_NAME = AppIcon;
				ASSETCATALOG_COMPILER_GLOBAL_ACCENT_COLOR_NAME = AccentColor;
				CODE_SIGN_STYLE = Automatic;
				CURRENT_PROJECT_VERSION = 1;
				DEVELOPMENT_ASSET_PATHS = "\"tiny_url_client/Preview Content\"";
				DEVELOPMENT_TEAM = 6NQBNW2Z7X;
				ENABLE_PREVIEWS = YES;
				GENERATE_INFOPLIST_FILE = YES;
				INFOPLIST_KEY_UIApplicationSceneManifest_Generation = YES;
				INFOPLIST_KEY_UIApplicationSupportsIndirectInputEvents = YES;
				INFOPLIST_KEY_UILaunchScreen_Generation = YES;
				INFOPLIST_KEY_UISupportedInterfaceOrientations_iPad = "UIInterfaceOrientationPortrait UIInterfaceOrientationPortraitUpsideDown UIInterfaceOrientationLandscapeLeft UIInterfaceOrientationLandscapeRight";
				INFOPLIST_KEY_UISupportedInterfaceOrientations_iPhone = "UIInterfaceOrientationPortrait UIInterfaceOrientationLandscapeLeft UIInterfaceOrientationLandscapeRight";
				LD_RUNPATH_SEARCH_PATHS = (
					"$(inherited)",
					"@executable_path/Frameworks",
				);
				MARKETING_VERSION = 1.0;
				PRODUCT_BUNDLE_IDENTIFIER = "gsnsg.github.io.tiny-url-client";
				PRODUCT_NAME = "$(TARGET_NAME)";
				SWIFT_EMIT_LOC_STRINGS = YES;
				SWIFT_VERSION = 5.0;
				TARGETED_DEVICE_FAMILY = "1,2";
			};
			name = Debug;
		};
		17CDDE0A283F97430045A174 /* Release */ = {
			isa = XCBuildConfiguration;
			buildSettings = {
				ASSETCATALOG_COMPILER_APPICON_NAME = AppIcon;
				ASSETCATALOG_COMPILER_GLOBAL_ACCENT_COLOR_NAME = AccentColor;
				CODE_SIGN_STYLE = Automatic;
				CURRENT_PROJECT_VERSION = 1;
				DEVELOPMENT_ASSET_PATHS = "\"tiny_url_client/Preview Content\"";
				DEVELOPMENT_TEAM = 6NQBNW2Z7X;
				ENABLE_PREVIEWS = YES;
				GENERATE_INFOPLIST_FILE = YES;
				INFOPLIST_KEY_UIApplicationSceneManifest_Generation = YES;
				INFOPLIST_KEY_UIApplicationSupportsIndirectInputEvents = YES;
				INFOPLIST_KEY_UILaunchScreen_Generation = YES;
				INFOPLIST_KEY_UISupportedInterfaceOrientations_iPad = "UIInterfaceOrientationPortrait UIInterfaceOrientationPortraitUpsideDown UIInterfaceOrientationLandscapeLeft UIInterfaceOrientationLandscapeRight";
				INFOPLIST_KEY_UISupportedInterfaceOrientations_iPhone = "UIInterfaceOrientationPortrait UIInterfaceOrientationLandscapeLeft UIInterfaceOrientationLandscapeRight";
				LD_RUNPATH_SEARCH_PATHS = (
					"$(inherited)",
					"@executable_path/Frameworks",
				);
				MARKETING_VERSION = 1.0;
				PRODUCT_BUNDLE_IDENTIFIER = "gsnsg.github.io.tiny-url-client";
				PRODUCT_NAME = "$(TARGET_NAME)";
				SWIFT_EMIT_LOC_STRINGS = YES;
				SWIFT_VERSION = 5.0;
				TARGETED_DEVICE_FAMILY = "1,2";
			};
			name = Release;
		};
		17CDDE0C283F97430045A174 /* Debug */ = {
			isa = XCBuildConfiguration;
			buildSettings = {
				ALWAYS_EMBED_SWIFT_STANDARD_LIBRARIES = YES;
				BUNDLE_LOADER = "$(TEST_HOST)";
				CODE_SIGN_STYLE = Automatic;
				CURRENT_PROJECT_VERSION = 1;
				DEVELOPMENT_TEAM = 6NQBNW2Z7X;
				GENERATE_INFOPLIST_FILE = YES;
				IPHONEOS_DEPLOYMENT_TARGET = 15.2;
				MARKETING_VERSION = 1.0;
				PRODUCT_BUNDLE_IDENTIFIER = "gsnsg.github.io.tiny-url-clientTests";
				PRODUCT_NAME = "$(TARGET_NAME)";
				SWIFT_EMIT_LOC_STRINGS = NO;
				SWIFT_VERSION = 5.0;
				TARGETED_DEVICE_FAMILY = "1,2";
				TEST_HOST = "$(BUILT_PRODUCTS_DIR)/tiny_url_client.app/tiny_url_client";
			};
			name = Debug;
		};
		17CDDE0D283F97430045A174 /* Release */ = {
			isa = XCBuildConfiguration;
			buildSettings = {
				ALWAYS_EMBED_SWIFT_STANDARD_LIBRARIES = YES;
				BUNDLE_LOADER = "$(TEST_HOST)";
				CODE_SIGN_STYLE = Automatic;
				CURRENT_PROJECT_VERSION = 1;
				DEVELOPMENT_TEAM = 6NQBNW2Z7X;
				GENERATE_INFOPLIST_FILE = YES;
				IPHONEOS_DEPLOYMENT_TARGET = 15.2;
				MARKETING_VERSION = 1.0;
				PRODUCT_BUNDLE_IDENTIFIER = "gsnsg.github.io.tiny-url-clientTests";
				PRODUCT_NAME = "$(TARGET_NAME)";
				SWIFT_EMIT_LOC_STRINGS = NO;
				SWIFT_VERSION = 5.0;
				TARGETED_DEVICE_FAMILY = "1,2";
				TEST_HOST = "$(BUILT_PRODUCTS_DIR)/tiny_url_client.app/tiny_url_client";
			};
			name = Release;
		};
		17CDDE0F283F97430045A174 /* Debug */ = {
			isa = XCBuildConfiguration;
			buildSettings = {
				ALWAYS_EMBED_SWIFT_STANDARD_LIBRARIES = YES;
				CODE_SIGN_STYLE = Automatic;
				CURRENT_PROJECT_VERSION = 1;
				DEVELOPMENT_TEAM = 6NQBNW2Z7X;
				GENERATE_INFOPLIST_FILE = YES;
				MARKETING_VERSION = 1.0;
				PRODUCT_BUNDLE_IDENTIFIER = "gsnsg.github.io.tiny-url-clientUITests";
				PRODUCT_NAME = "$(TARGET_NAME)";
				SWIFT_EMIT_LOC_STRINGS = NO;
				SWIFT_VERSION = 5.0;
				TARGETED_DEVICE_FAMILY = "1,2";
				TEST_TARGET_NAME = tiny_url_client;
			};
			name = Debug;
		};
		17CDDE10283F97430045A174 /* Release */ = {
			isa = XCBuildConfiguration;
			buildSettings = {
				ALWAYS_EMBED_SWIFT_STANDARD_LIBRARIES = YES;
				CODE_SIGN_STYLE = Automatic;
				CURRENT_PROJECT_VERSION = 1;
				DEVELOPMENT_TEAM = 6NQBNW2Z7X;
				GENERATE_INFOPLIST_FILE = YES;
				MARKETING_VERSION = 1.0;
				PRODUCT_BUNDLE_IDENTIFIER = "gsnsg.github.io.tiny-url-clientUITests";
				PRODUCT_NAME = "$(TARGET_NAME)";
				SWIFT_EMIT_LOC_STRINGS = NO;
				SWIFT_VERSION = 5.0;
				TARGETED_DEVICE_FAMILY = "1,2";
				TEST_TARGET_NAME = tiny_url_client;
			};
			name = Release;
		};
/* End XCBuildConfiguration section */

/* Begin XCConfigurationList section */
		17CDDDDA283F97410045A174 /* Build configuration list for PBXProject "tiny_url_client" */ = {
			isa = XCConfigurationList;
			buildConfigurations = (
				17CDDE06283F97430045A174 /* Debug */,
				17CDDE07283F97430045A174 /* Release */,
			);
			defaultConfigurationIsVisible = 0;
			defaultConfigurationName = Release;
		};
		17CDDE08283F97430045A174 /* Build configuration list for PBXNativeTarget "tiny_url_client" */ = {
			isa = XCConfigurationList;
			buildConfigurations = (
				17CDDE09283F97430045A174 /* Debug */,
				17CDDE0A283F97430045A174 /* Release */,
			);
			defaultConfigurationIsVisible = 0;
			defaultConfigurationName = Release;
		};
		17CDDE0B283F97430045A174 /* Build configuration list for PBXNativeTarget "tiny_url_clientTests" */ = {
			isa = XCConfigurationList;
			buildConfigurations = (
				17CDDE0C283F97430045A174 /* Debug */,
				17CDDE0D283F97430045A174 /* Release */,
			);
			defaultConfigurationIsVisible = 0;
			defaultConfigurationName = Release;
		};
		17CDDE0E283F97430045A174 /* Build configuration list for PBXNativeTarget "tiny_url_clientUITests" */ = {
			isa = XCConfigurationList;
			buildConfigurations = (
				17CDDE0F283F97430045A174 /* Debug */,
				17CDDE10283F97430045A174 /* Release */,
			);
			defaultConfigurationIsVisible = 0;
			defaultConfigurationName = Release;
		};
/* End XCConfigurationList section */

/* Begin XCVersionGroup section */
		17CDDDED283F97430045A174 /* tiny_url_client.xcdatamodeld */ = {
			isa = XCVersionGroup;
			children = (
				17CDDDEE283F97430045A174 /* tiny_url_client.xcdatamodel */,
			);
			currentVersion = 17CDDDEE283F97430045A174 /* tiny_url_client.xcdatamodel */;
			path = tiny_url_client.xcdatamodeld;
			sourceTree = "<group>";
			versionGroupType = wrapper.xcdatamodel;
		};
/* End XCVersionGroup section */
	};
	rootObject = 17CDDDD7283F97410045A174 /* Project object */;
}
